dependencies:
- name: mariadb
  repository: https://charts.bitnami.com/bitnami
  version: 16.5.0
- name: redis
  repository: https://charts.bitnami.com/bitnami
  version: 17.7.3
digest: sha256:64025b9719143289ac2d2dd8fec5084baa5a12213dd9886d2281155df4d0e2a4
generated: "2024-03-05T18:06:51.77205608Z"
