dependencies:
- name: mariadb
  repository: https://charts.bitnami.com/bitnami
  version: 14.1.4
- name: redis
  repository: https://charts.bitnami.com/bitnami
  version: 17.7.3
digest: sha256:27bd57e5a4ffcf5a384569e5e8f56898f445824d6f68aecd362149bd4398a8fd
generated: "2023-11-27T09:14:21.860781478Z"
